Microsoft Visual Studio Solution File, Format Version 12.00
# Visual Studio 2012
VisualStudioVersion = 12.0.0.0
MinimumVisualStudioVersion = 10.0.0.1
Project("{FAE04EC0-301F-11D3-BF4B-00C04F79EFBC}") = "Ptv.Api.Client", "src\Ptv.Api.Client\Ptv.Api.Client.csproj", "{F3FF8A08-C90A-4502-BD7B-F471B29B99B4}"
EndProject
Project("{FAE04EC0-301F-11D3-BF4B-00C04F79EFBC}") = "Ptv.Api.Client.Test", "src\Ptv.Api.Client.Test\Ptv.Api.Client.Test.csproj", "{19F1DEBC-DE5E-4517-8062-F000CD499087}"
EndProject
Global
	GlobalSection(SolutionConfigurationPlatforms) = preSolution
		Debug|Any CPU = Debug|Any CPU
		Release|Any CPU = Release|Any CPU
	EndGlobalSection
	GlobalSection(ProjectConfigurationPlatforms) = postSolution
		{F3FF8A08-C90A-4502-BD7B-F471B29B99B4}.Debug|Any CPU.ActiveCfg = Debug|Any CPU
		{F3FF8A08-C90A-4502-BD7B-F471B29B99B4}.Debug|Any CPU.Build.0 = Debug|Any CPU
		{F3FF8A08-C90A-4502-BD7B-F471B29B99B4}.Release|Any CPU.ActiveCfg = Release|Any CPU
		{F3FF8A08-C90A-4502-BD7B-F471B29B99B4}.Release|Any CPU.Build.0 = Release|Any CPU
		{19F1DEBC-DE5E-4517-8062-F000CD499087}.Debug|Any CPU.ActiveCfg = Debug|Any CPU
		{19F1DEBC-DE5E-4517-8062-F000CD499087}.Debug|Any CPU.Build.0 = Debug|Any CPU
		{19F1DEBC-DE5E-4517-8062-F000CD499087}.Release|Any CPU.ActiveCfg = Release|Any CPU
		{19F1DEBC-DE5E-4517-8062-F000CD499087}.Release|Any CPU.Build.0 = Release|Any CPU
	EndGlobalSection
	GlobalSection(SolutionProperties) = preSolution
		HideSolutionNode = FALSE
	EndGlobalSection
EndGlobal